
Microsoft Visual Studio Solution File, Format Version 12.00
# Visual Studio Version 17
VisualStudioVersion = 17.5.002.0
MinimumVisualStudioVersion = 10.0.40219.1
Project("{2150E333-8FDC-42A3-9474-1A3956D46DE8}") = "csharp-prep", "csharp-prep", "{F2009B01-41C3-48C9-A8EB-0B2F3D4FA7B0}"
EndProject
Project("{9A19103F-16F7-4668-BE54-9A1E7A4F7556}") = "Prep1", "csharp-prep\Prep1\Prep1.csproj", "{16800CD9-2CE0-4D52-B818-01586AE19492}"
EndProject
Project("{9A19103F-16F7-4668-BE54-9A1E7A4F7556}") = "Prep2", "csharp-prep\Prep2\Prep2.csproj", "{3F8E3E1A-F2E7-4D0B-80FF-90539CAE6917}"
EndProject
Project("{9A19103F-16F7-4668-BE54-9A1E7A4F7556}") = "Prep3", "csharp-prep\Prep3\Prep3.csproj", "{A782C55E-3158-4660-8788-FEE9BD1D03FB}"
EndProject
Project("{9A19103F-16F7-4668-BE54-9A1E7A4F7556}") = "Prep4", "csharp-prep\Prep4\Prep4.csproj", "{70BA3BCB-19D1-48EA-B4C2-834659EFE401}"
EndProject
Project("{9A19103F-16F7-4668-BE54-9A1E7A4F7556}") = "Prep5", "csharp-prep\Prep5\Prep5.csproj", "{9D73737F-4905-4C5B-8E54-B2B713DBE6E8}"
EndProject
Project("{2150E333-8FDC-42A3-9474-1A3956D46DE8}") = "final", "final", "{829E9F94-365D-4495-BB25-617A825214FA}"
EndProject
Project("{9A19103F-16F7-4668-BE54-9A1E7A4F7556}") = "FinalProject", "final\FinalProject\FinalProject.csproj", "{9F35A5BD-9091-4C36-9ED1-DB7C263EB351}"
EndProject
Project("{9A19103F-16F7-4668-BE54-9A1E7A4F7556}") = "Foundation1", "final\Foundation1\Foundation1.csproj", "{BDFCD1FD-08AE-4D39-8BDF-9F1D8D5351A9}"
EndProject
Project("{9A19103F-16F7-4668-BE54-9A1E7A4F7556}") = "Foundation2", "final\Foundation2\Foundation2.csproj", "{46B907E6-7706-40F3-B8C4-997472FFC909}"
EndProject
Project("{9A19103F-16F7-4668-BE54-9A1E7A4F7556}") = "Foundation3", "final\Foundation3\Foundation3.csproj", "{146F7C5C-0CA4-4184-89F9-70F3FB154B5C}"
EndProject
Project("{9A19103F-16F7-4668-BE54-9A1E7A4F7556}") = "Foundation4", "final\Foundation4\Foundation4.csproj", "{2373F93D-524B-4517-A305-2297A4BB8EDD}"
EndProject
Project("{2150E333-8FDC-42A3-9474-1A3956D46DE8}") = "prepare", "prepare", "{23B6FFD1-42CF-42A5-8C6D-94BD9E0511AE}"
EndProject
Project("{9A19103F-16F7-4668-BE54-9A1E7A4F7556}") = "Learning02", "prepare\Learning02\Learning02.csproj", "{0261B31A-A984-4118-B7B7-F3413EFE8E88}"
EndProject
Project("{9A19103F-16F7-4668-BE54-9A1E7A4F7556}") = "Learning03", "prepare\Learning03\Learning03.csproj", "{5F4DEBFF-C576-405C-9B5B-844183C03F09}"
EndProject
Project("{9A19103F-16F7-4668-BE54-9A1E7A4F7556}") = "Learning04", "prepare\Learning04\Learning04.csproj", "{4D869EEF-EC3C-491D-9E3E-2481ACD9C580}"
EndProject
Project("{9A19103F-16F7-4668-BE54-9A1E7A4F7556}") = "Learning05", "prepare\Learning05\Learning05.csproj", "{DA681A6D-45C3-4BC5-B6F3-875BA2C20B88}"
EndProject
Project("{2150E333-8FDC-42A3-9474-1A3956D46DE8}") = "prove", "prove", "{9FCFEE73-832A-4D01-8A32-034247E1C496}"
EndProject
Project("{9A19103F-16F7-4668-BE54-9A1E7A4F7556}") = "Develop02", "prove\Develop02\Develop02.csproj", "{15CF5E59-7863-4183-B21E-5EED4018D6E4}"
EndProject
Project("{9A19103F-16F7-4668-BE54-9A1E7A4F7556}") = "Develop03", "prove\Develop03\Develop03.csproj", "{EBB59F37-FD26-49D8-AFF3-D7BB766C5B05}"
EndProject
Project("{9A19103F-16F7-4668-BE54-9A1E7A4F7556}") = "Develop04", "prove\Develop04\Develop04.csproj", "{57F6AB0C-E69F-4237-B3A1-E65E068B06FD}"
EndProject
Project("{9A19103F-16F7-4668-BE54-9A1E7A4F7556}") = "Develop05", "prove\Develop05\Develop05.csproj", "{6A68BF58-40FA-40B7-ADF3-2B107F60EC46}"
EndProject
Project("{2150E333-8FDC-42A3-9474-1A3956D46DE8}") = "sandbox", "sandbox", "{97FCBE15-6D6E-4637-83AA-F627F14E9378}"
EndProject
Project("{9A19103F-16F7-4668-BE54-9A1E7A4F7556}") = "Sandbox", "sandbox\Sandbox\Sandbox.csproj", "{3D237EFB-1E65-4AEF-9B0D-339C871DA824}"
EndProject
Global
	GlobalSection(SolutionConfigurationPlatforms) = preSolution
		Debug|Any CPU = Debug|Any CPU
		Release|Any CPU = Release|Any CPU
	EndGlobalSection
	GlobalSection(ProjectConfigurationPlatforms) = postSolution
		{16800CD9-2CE0-4D52-B818-01586AE19492}.Debug|Any CPU.ActiveCfg = Debug|Any CPU
		{16800CD9-2CE0-4D52-B818-01586AE19492}.Debug|Any CPU.Build.0 = Debug|Any CPU
		{16800CD9-2CE0-4D52-B818-01586AE19492}.Release|Any CPU.ActiveCfg = Release|Any CPU
		{16800CD9-2CE0-4D52-B818-01586AE19492}.Release|Any CPU.Build.0 = Release|Any CPU
		{3F8E3E1A-F2E7-4D0B-80FF-90539CAE6917}.Debug|Any CPU.ActiveCfg = Debug|Any CPU
		{3F8E3E1A-F2E7-4D0B-80FF-90539CAE6917}.Debug|Any CPU.Build.0 = Debug|Any CPU
		{3F8E3E1A-F2E7-4D0B-80FF-90539CAE6917}.Release|Any CPU.ActiveCfg = Release|Any CPU
		{3F8E3E1A-F2E7-4D0B-80FF-90539CAE6917}.Release|Any CPU.Build.0 = Release|Any CPU
		{A782C55E-3158-4660-8788-FEE9BD1D03FB}.Debug|Any CPU.ActiveCfg = Debug|Any CPU
		{A782C55E-3158-4660-8788-FEE9BD1D03FB}.Debug|Any CPU.Build.0 = Debug|Any CPU
		{A782C55E-3158-4660-8788-FEE9BD1D03FB}.Release|Any CPU.ActiveCfg = Release|Any CPU
		{A782C55E-3158-4660-8788-FEE9BD1D03FB}.Release|Any CPU.Build.0 = Release|Any CPU
		{70BA3BCB-19D1-48EA-B4C2-834659EFE401}.Debug|Any CPU.ActiveCfg = Debug|Any CPU
		{70BA3BCB-19D1-48EA-B4C2-834659EFE401}.Debug|Any CPU.Build.0 = Debug|Any CPU
		{70BA3BCB-19D1-48EA-B4C2-834659EFE401}.Release|Any CPU.ActiveCfg = Release|Any CPU
		{70BA3BCB-19D1-48EA-B4C2-834659EFE401}.Release|Any CPU.Build.0 = Release|Any CPU
		{9D73737F-4905-4C5B-8E54-B2B713DBE6E8}.Debug|Any CPU.ActiveCfg = Debug|Any CPU
		{9D73737F-4905-4C5B-8E54-B2B713DBE6E8}.Debug|Any CPU.Build.0 = Debug|Any CPU
		{9D73737F-4905-4C5B-8E54-B2B713DBE6E8}.Release|Any CPU.ActiveCfg = Release|Any CPU
		{9D73737F-4905-4C5B-8E54-B2B713DBE6E8}.Release|Any CPU.Build.0 = Release|Any CPU
		{9F35A5BD-9091-4C36-9ED1-DB7C263EB351}.Debug|Any CPU.ActiveCfg = Debug|Any CPU
		{9F35A5BD-9091-4C36-9ED1-DB7C263EB351}.Debug|Any CPU.Build.0 = Debug|Any CPU
		{9F35A5BD-9091-4C36-9ED1-DB7C263EB351}.Release|Any CPU.ActiveCfg = Release|Any CPU
		{9F35A5BD-9091-4C36-9ED1-DB7C263EB351}.Release|Any CPU.Build.0 = Release|Any CPU
		{BDFCD1FD-08AE-4D39-8BDF-9F1D8D5351A9}.Debug|Any CPU.ActiveCfg = Debug|Any CPU
		{BDFCD1FD-08AE-4D39-8BDF-9F1D8D5351A9}.Debug|Any CPU.Build.0 = Debug|Any CPU
		{BDFCD1FD-08AE-4D39-8BDF-9F1D8D5351A9}.Release|Any CPU.ActiveCfg = Release|Any CPU
		{BDFCD1FD-08AE-4D39-8BDF-9F1D8D5351A9}.Release|Any CPU.Build.0 = Release|Any CPU
		{46B907E6-7706-40F3-B8C4-997472FFC909}.Debug|Any CPU.ActiveCfg = Debug|Any CPU
		{46B907E6-7706-40F3-B8C4-997472FFC909}.Debug|Any CPU.Build.0 = Debug|Any CPU
		{46B907E6-7706-40F3-B8C4-997472FFC909}.Release|Any CPU.ActiveCfg = Release|Any CPU
		{46B907E6-7706-40F3-B8C4-997472FFC909}.Release|Any CPU.Build.0 = Release|Any CPU
		{146F7C5C-0CA4-4184-89F9-70F3FB154B5C}.Debug|Any CPU.ActiveCfg = Debug|Any CPU
		{146F7C5C-0CA4-4184-89F9-70F3FB154B5C}.Debug|Any CPU.Build.0 = Debug|Any CPU
		{146F7C5C-0CA4-4184-89F9-70F3FB154B5C}.Release|Any CPU.ActiveCfg = Release|Any CPU
		{146F7C5C-0CA4-4184-89F9-70F3FB154B5C}.Release|Any CPU.Build.0 = Release|Any CPU
		{2373F93D-524B-4517-A305-2297A4BB8EDD}.Debug|Any CPU.ActiveCfg = Debug|Any CPU
		{2373F93D-524B-4517-A305-2297A4BB8EDD}.Debug|Any CPU.Build.0 = Debug|Any CPU
		{2373F93D-524B-4517-A305-2297A4BB8EDD}.Release|Any CPU.ActiveCfg = Release|Any CPU
		{2373F93D-524B-4517-A305-2297A4BB8EDD}.Release|Any CPU.Build.0 = Release|Any CPU
		{0261B31A-A984-4118-B7B7-F3413EFE8E88}.Debug|Any CPU.ActiveCfg = Debug|Any CPU
		{0261B31A-A984-4118-B7B7-F3413EFE8E88}.Debug|Any CPU.Build.0 = Debug|Any CPU
		{0261B31A-A984-4118-B7B7-F3413EFE8E88}.Release|Any CPU.ActiveCfg = Release|Any CPU
		{0261B31A-A984-4118-B7B7-F3413EFE8E88}.Release|Any CPU.Build.0 = Release|Any CPU
		{5F4DEBFF-C576-405C-9B5B-844183C03F09}.Debug|Any CPU.ActiveCfg = Debug|Any CPU
		{5F4DEBFF-C576-405C-9B5B-844183C03F09}.Debug|Any CPU.Build.0 = Debug|Any CPU
		{5F4DEBFF-C576-405C-9B5B-844183C03F09}.Release|Any CPU.ActiveCfg = Release|Any CPU
		{5F4DEBFF-C576-405C-9B5B-844183C03F09}.Release|Any CPU.Build.0 = Release|Any CPU
		{4D869EEF-EC3C-491D-9E3E-2481ACD9C580}.Debug|Any CPU.ActiveCfg = Debug|Any CPU
		{4D869EEF-EC3C-491D-9E3E-2481ACD9C580}.Debug|Any CPU.Build.0 = Debug|Any CPU
		{4D869EEF-EC3C-491D-9E3E-2481ACD9C580}.Release|Any CPU.ActiveCfg = Release|Any CPU
		{4D869EEF-EC3C-491D-9E3E-2481ACD9C580}.Release|Any CPU.Build.0 = Release|Any CPU
		{DA681A6D-45C3-4BC5-B6F3-875BA2C20B88}.Debug|Any CPU.ActiveCfg = Debug|Any CPU
		{DA681A6D-45C3-4BC5-B6F3-875BA2C20B88}.Debug|Any CPU.Build.0 = Debug|Any CPU
		{DA681A6D-45C3-4BC5-B6F3-875BA2C20B88}.Release|Any CPU.ActiveCfg = Release|Any CPU
		{DA681A6D-45C3-4BC5-B6F3-875BA2C20B88}.Release|Any CPU.Build.0 = Release|Any CPU
		{15CF5E59-7863-4183-B21E-5EED4018D6E4}.Debug|Any CPU.ActiveCfg = Debug|Any CPU
		{15CF5E59-7863-4183-B21E-5EED4018D6E4}.Debug|Any CPU.Build.0 = Debug|Any CPU
		{15CF5E59-7863-4183-B21E-5EED4018D6E4}.Release|Any CPU.ActiveCfg = Release|Any CPU
		{15CF5E59-7863-4183-B21E-5EED4018D6E4}.Release|Any CPU.Build.0 = Release|Any CPU
		{EBB59F37-FD26-49D8-AFF3-D7BB766C5B05}.Debug|Any CPU.ActiveCfg = Debug|Any CPU
		{EBB59F37-FD26-49D8-AFF3-D7BB766C5B05}.Debug|Any CPU.Build.0 = Debug|Any CPU
		{EBB59F37-FD26-49D8-AFF3-D7BB766C5B05}.Release|Any CPU.ActiveCfg = Release|Any CPU
		{EBB59F37-FD26-49D8-AFF3-D7BB766C5B05}.Release|Any CPU.Build.0 = Release|Any CPU
		{57F6AB0C-E69F-4237-B3A1-E65E068B06FD}.Debug|Any CPU.ActiveCfg = Debug|Any CPU
		{57F6AB0C-E69F-4237-B3A1-E65E068B06FD}.Debug|Any CPU.Build.0 = Debug|Any CPU
		{57F6AB0C-E69F-4237-B3A1-E65E068B06FD}.Release|Any CPU.ActiveCfg = Release|Any CPU
		{57F6AB0C-E69F-4237-B3A1-E65E068B06FD}.Release|Any CPU.Build.0 = Release|Any CPU
		{6A68BF58-40FA-40B7-ADF3-2B107F60EC46}.Debug|Any CPU.ActiveCfg = Debug|Any CPU
		{6A68BF58-40FA-40B7-ADF3-2B107F60EC46}.Debug|Any CPU.Build.0 = Debug|Any CPU
		{6A68BF58-40FA-40B7-ADF3-2B107F60EC46}.Release|Any CPU.ActiveCfg = Release|Any CPU
		{6A68BF58-40FA-40B7-ADF3-2B107F60EC46}.Release|Any CPU.Build.0 = Release|Any CPU
		{3D237EFB-1E65-4AEF-9B0D-339C871DA824}.Debug|Any CPU.ActiveCfg = Debug|Any CPU
		{3D237EFB-1E65-4AEF-9B0D-339C871DA824}.Debug|Any CPU.Build.0 = Debug|Any CPU
		{3D237EFB-1E65-4AEF-9B0D-339C871DA824}.Release|Any CPU.ActiveCfg = Release|Any CPU
		{3D237EFB-1E65-4AEF-9B0D-339C871DA824}.Release|Any CPU.Build.0 = Release|Any CPU
	EndGlobalSection
	GlobalSection(SolutionProperties) = preSolution
		HideSolutionNode = FALSE
	EndGlobalSection
	GlobalSection(NestedProjects) = preSolution
		{16800CD9-2CE0-4D52-B818-01586AE19492} = {F2009B01-41C3-48C9-A8EB-0B2F3D4FA7B0}
		{3F8E3E1A-F2E7-4D0B-80FF-90539CAE6917} = {F2009B01-41C3-48C9-A8EB-0B2F3D4FA7B0}
		{A782C55E-3158-4660-8788-FEE9BD1D03FB} = {F2009B01-41C3-48C9-A8EB-0B2F3D4FA7B0}
		{70BA3BCB-19D1-48EA-B4C2-834659EFE401} = {F2009B01-41C3-48C9-A8EB-0B2F3D4FA7B0}
		{9D73737F-4905-4C5B-8E54-B2B713DBE6E8} = {F2009B01-41C3-48C9-A8EB-0B2F3D4FA7B0}
		{9F35A5BD-9091-4C36-9ED1-DB7C263EB351} = {829E9F94-365D-4495-BB25-617A825214FA}
		{BDFCD1FD-08AE-4D39-8BDF-9F1D8D5351A9} = {829E9F94-365D-4495-BB25-617A825214FA}
		{46B907E6-7706-40F3-B8C4-997472FFC909} = {829E9F94-365D-4495-BB25-617A825214FA}
		{146F7C5C-0CA4-4184-89F9-70F3FB154B5C} = {829E9F94-365D-4495-BB25-617A825214FA}
		{2373F93D-524B-4517-A305-2297A4BB8EDD} = {829E9F94-365D-4495-BB25-617A825214FA}
		{0261B31A-A984-4118-B7B7-F3413EFE8E88} = {23B6FFD1-42CF-42A5-8C6D-94BD9E0511AE}
		{5F4DEBFF-C576-405C-9B5B-844183C03F09} = {23B6FFD1-42CF-42A5-8C6D-94BD9E0511AE}
		{4D869EEF-EC3C-491D-9E3E-2481ACD9C580} = {23B6FFD1-42CF-42A5-8C6D-94BD9E0511AE}
		{DA681A6D-45C3-4BC5-B6F3-875BA2C20B88} = {23B6FFD1-42CF-42A5-8C6D-94BD9E0511AE}
		{15CF5E59-7863-4183-B21E-5EED4018D6E4} = {9FCFEE73-832A-4D01-8A32-034247E1C496}
		{EBB59F37-FD26-49D8-AFF3-D7BB766C5B05} = {9FCFEE73-832A-4D01-8A32-034247E1C496}
		{57F6AB0C-E69F-4237-B3A1-E65E068B06FD} = {9FCFEE73-832A-4D01-8A32-034247E1C496}
		{6A68BF58-40FA-40B7-ADF3-2B107F60EC46} = {9FCFEE73-832A-4D01-8A32-034247E1C496}
		{3D237EFB-1E65-4AEF-9B0D-339C871DA824} = {97FCBE15-6D6E-4637-83AA-F627F14E9378}
	EndGlobalSection
	GlobalSection(ExtensibilityGlobals) = postSolution
		SolutionGuid = {BE33AD7E-BAA2-48ED-AB7B-822790108FCA}
	EndGlobalSection
EndGlobal
